<Project xmlns="http://schemas.microsoft.com/developer/msbuild/2003">
    <PropertyGroup>
        <ProjectGuid>{18ECE466-2195-4258-A27E-F707648F0E30}</ProjectGuid>
        <ProjectVersion>14.4</ProjectVersion>
        <FrameworkType>None</FrameworkType>
        <Base>True</Base>
        <Config Condition="'$(Config)'==''">Debug</Config>
        <Platform Condition="'$(Platform)'==''">Win32</Platform>
        <TargetedPlatforms>1</TargetedPlatforms>
        <AppType>Console</AppType>
        <MainSource>PhotoDBTests.dpr</MainSource>
    </PropertyGroup>
    <PropertyGroup Condition="'$(Config)'=='Base' or '$(Base)'!=''">
        <Base>true</Base>
    </PropertyGroup>
    <PropertyGroup Condition="('$(Platform)'=='OSX32' and '$(Base)'=='true') or '$(Base_OSX32)'!=''">
        <Base_OSX32>true</Base_OSX32>
        <CfgParent>Base</CfgParent>
        <Base>true</Base>
    </PropertyGroup>
    <PropertyGroup Condition="('$(Platform)'=='Win32' and '$(Base)'=='true') or '$(Base_Win32)'!=''">
        <Base_Win32>true</Base_Win32>
        <CfgParent>Base</CfgParent>
        <Base>true</Base>
    </PropertyGroup>
    <PropertyGroup Condition="('$(Platform)'=='Win64' and '$(Base)'=='true') or '$(Base_Win64)'!=''">
        <Base_Win64>true</Base_Win64>
        <CfgParent>Base</CfgParent>
        <Base>true</Base>
    </PropertyGroup>
    <PropertyGroup Condition="'$(Config)'=='Debug' or '$(Cfg_1)'!=''">
        <Cfg_1>true</Cfg_1>
        <CfgParent>Base</CfgParent>
        <Base>true</Base>
    </PropertyGroup>
    <PropertyGroup Condition="('$(Platform)'=='Win32' and '$(Cfg_1)'=='true') or '$(Cfg_1_Win32)'!=''">
        <Cfg_1_Win32>true</Cfg_1_Win32>
        <CfgParent>Cfg_1</CfgParent>
        <Cfg_1>true</Cfg_1>
        <Base>true</Base>
    </PropertyGroup>
    <PropertyGroup Condition="'$(Config)'=='Release' or '$(Cfg_2)'!=''">
        <Cfg_2>true</Cfg_2>
        <CfgParent>Base</CfgParent>
        <Base>true</Base>
    </PropertyGroup>
    <PropertyGroup Condition="('$(Platform)'=='OSX32' and '$(Cfg_2)'=='true') or '$(Cfg_2_OSX32)'!=''">
        <Cfg_2_OSX32>true</Cfg_2_OSX32>
        <CfgParent>Cfg_2</CfgParent>
        <Cfg_2>true</Cfg_2>
        <Base>true</Base>
    </PropertyGroup>
    <PropertyGroup Condition="'$(Base)'!=''">
        <DCC_Namespace>System;Xml;Data;Datasnap;Web;Soap;Vcl;Vcl.Imaging;Vcl.Touch;Vcl.Samples;Vcl.Shell;$(DCC_Namespace)</DCC_Namespace>
        <DCC_Define>_CONSOLE_TESTRUNNER;$(DCC_Define)</DCC_Define>
        <DCC_UnitSearchPath>$(BDS)\Source\DUnit\src;$(DCC_UnitSearchPath)</DCC_UnitSearchPath>
        <DCC_DcuOutput>.</DCC_DcuOutput>
        <DCC_ExeOutput>.\$(Platform)\$(Config)</DCC_ExeOutput>
        <DCC_E>false</DCC_E>
        <DCC_N>false</DCC_N>
        <DCC_S>false</DCC_S>
        <DCC_F>false</DCC_F>
        <DCC_K>false</DCC_K>
    </PropertyGroup>
    <PropertyGroup Condition="'$(Base_OSX32)'!=''">
        <DCC_UsePackage>bindcompfmx;DBXSqliteDriver;fmx;rtl;dbrtl;DbxClientDriver;IndySystem;bindcomp;inetdb;DBXInterBaseDriver;DataSnapClient;DataSnapCommon;DataSnapServer;DataSnapProviderClient;xmlrtl;DbxCommonDriver;IndyProtocols;dbxcds;DBXMySQLDriver;bindengine;soaprtl;bindcompdbx;DBXOracleDriver;CustomIPTransport;dsnap;IndyIPServer;DBXInformixDriver;fmxase;IndyCore;IndyIPCommon;DBXFirebirdDriver;inet;fmxobj;inetdbxpress;DBXSybaseASADriver;fmxdae;dbexpress;DataSnapIndy10ServerTransport;IndyIPClient;$(DCC_UsePackage)</DCC_UsePackage>
        <Icns_MainIcns>$(BDS)\bin\delphi_PROJECTICNS.icns</Icns_MainIcns>
    </PropertyGroup>
    <PropertyGroup Condition="'$(Base_Win32)'!=''">
        <DCC_Namespace>Winapi;System.Win;Data.Win;Datasnap.Win;Web.Win;Soap.Win;Xml.Win;Bde;$(DCC_Namespace)</DCC_Namespace>
        <DCC_UsePackage>MPCommonLibD14_XE2;EasyListviewD14_XE2;bindcompfmx;DBXSqliteDriver;vcldbx;ImgCtrls_D7_XE2;fmx;rtl;dbrtl;DbxClientDriver;IndySystem;bindcomp;inetdb;vclib;inetdbbde;DBXInterBaseDriver;DataSnapClient;DataSnapCommon;DBXOdbcDriver;DataSnapServer;JclContainers;DataSnapProviderClient;xmlrtl;DBXSybaseASEDriver;ibxpress;DbxCommonDriver;svnui;vclimg;IndyProtocols;dbxcds;DBXMySQLDriver;DatasnapConnectorsFreePascal;MetropolisUILiveTile;Dolphin_XE2;vclactnband;bindengine;vcldb;soaprtl;bindcompdbx;vcldsnap;bindcompvcl;Jcl;vclie;vcltouch;DBXDb2Driver;websnap;DBXOracleDriver;CustomIPTransport;vclribbon;VclSmp;dsnap;IndyIPServer;DBXInformixDriver;fmxase;vcl;IndyCore;DataSnapConnectors;IndyIPCommon;CloudService;DBXMSSQLDriver;dsnapcon;DBXFirebirdDriver;inet;fmxobj;JclVcl;vclx;inetdbxpress;webdsnap;svn;DBXSybaseASADriver;fmxdae;JclDeveloperTools;bdertl;dbexpress;adortl;DataSnapIndy10ServerTransport;IndyIPClient;$(DCC_UsePackage)</DCC_UsePackage>
        <VerInfo_Keys>CompanyName=;FileDescription=;FileVersion=1.0.0.0;InternalName=;LegalCopyright=;LegalTrademarks=;OriginalFilename=;ProductName=;ProductVersion=1.0.0.0;Comments=</VerInfo_Keys>
        <VerInfo_Locale>1033</VerInfo_Locale>
    </PropertyGroup>
    <PropertyGroup Condition="'$(Base_Win64)'!=''">
        <DCC_UsePackage>bindcompfmx;DBXSqliteDriver;fmx;rtl;dbrtl;DbxClientDriver;IndySystem;bindcomp;inetdb;DBXInterBaseDriver;DataSnapClient;DataSnapCommon;DBXOdbcDriver;DataSnapServer;DataSnapProviderClient;xmlrtl;DBXSybaseASEDriver;DbxCommonDriver;vclimg;IndyProtocols;dbxcds;DBXMySQLDriver;vclactnband;bindengine;vcldb;soaprtl;bindcompdbx;vcldsnap;bindcompvcl;vclie;vcltouch;DBXDb2Driver;websnap;DBXOracleDriver;CustomIPTransport;VclSmp;dsnap;IndyIPServer;DBXInformixDriver;fmxase;vcl;IndyCore;IndyIPCommon;DBXMSSQLDriver;dsnapcon;DBXFirebirdDriver;inet;fmxobj;vclx;inetdbxpress;webdsnap;DBXSybaseASADriver;fmxdae;dbexpress;DataSnapIndy10ServerTransport;IndyIPClient;$(DCC_UsePackage)</DCC_UsePackage>
    </PropertyGroup>
    <PropertyGroup Condition="'$(Cfg_1)'!=''">
        <DCC_Define>DEBUG;$(DCC_Define)</DCC_Define>
        <DCC_DebugDCUs>true</DCC_DebugDCUs>
        <DCC_Optimize>false</DCC_Optimize>
        <DCC_GenerateStackFrames>true</DCC_GenerateStackFrames>
        <DCC_DebugInfoInExe>true</DCC_DebugInfoInExe>
        <DCC_RemoteDebug>true</DCC_RemoteDebug>
    </PropertyGroup>
    <PropertyGroup Condition="'$(Cfg_1_Win32)'!=''">
        <DCC_DcuOutput>dcu</DCC_DcuOutput>
        <DCC_ExeOutput>bin</DCC_ExeOutput>
        <Manifest_File>None</Manifest_File>
        <DCC_Define>PHOTODB;TESTS;$(DCC_Define)</DCC_Define>
        <DCC_UnitSearchPath>D:\Dmitry\Dmitry;..\External\Mustangpeak\EasyListview\Source;..\External\Controls\DragDrop\Source;..\Resources;..\External\Mustangpeak\Common Library\Source;..\..\DBIcons;..\;..\Units;$(DCC_UnitSearchPath)</DCC_UnitSearchPath>
        <VerInfo_Locale>1033</VerInfo_Locale>
        <Debugger_RunParams>/NoLogo</Debugger_RunParams>
        <DCC_RemoteDebug>false</DCC_RemoteDebug>
    </PropertyGroup>
    <PropertyGroup Condition="'$(Cfg_2)'!=''">
        <DCC_LocalDebugSymbols>false</DCC_LocalDebugSymbols>
        <DCC_Define>RELEASE;$(DCC_Define)</DCC_Define>
        <DCC_SymbolReferenceInfo>0</DCC_SymbolReferenceInfo>
        <DCC_DebugInformation>false</DCC_DebugInformation>
    </PropertyGroup>
    <PropertyGroup Condition="'$(Cfg_2_OSX32)'!=''">
        <Icns_MainIcns>$(BDS)\bin\delphi_PROJECTICNS.icns</Icns_MainIcns>
    </PropertyGroup>
    <ItemGroup>
        <DelphiCompile Include="$(MainSource)">
            <MainSource>MainSource</MainSource>
        </DelphiCompile>
        <DCCReference Include="TestMediaInfo.pas"/>
        <DCCReference Include="..\Units\MSXML2_TLB.pas"/>
        <DCCReference Include="..\Threads\uSplashThread.pas"/>
        <DCCReference Include="..\Units\Utils\uActivationUtils.pas"/>
        <DCCReference Include="..\Units\System\uMath.pas"/>
        <DCCReference Include="..\Units\uConstants.pas"/>
        <DCCReference Include="..\Units\System\uRuntime.pas"/>
        <DCCReference Include="..\Units\System\uTime.pas"/>
        <DCCReference Include="..\Units\System\uLogger.pas"/>
        <DCCReference Include="..\Units\System\uMemory.pas"/>
        <DCCReference Include="..\Units\uMediaInfo.pas"/>
        <DCCReference Include="..\Units\Utils\uBitmapUtils.pas"/>
        <DCCReference Include="..\Units\Utils\uGraphicUtils.pas"/>
        <DCCReference Include="..\Units\Formats\uRAWImage.pas"/>
        <DCCReference Include="..\Units\Formats\uTiffImage.pas"/>
        <DCCReference Include="..\Units\Formats\uAnimatedJPEG.pas"/>
        <DCCReference Include="..\Units\Utils\uJpegUtils.pas"/>
        <DCCReference Include="..\Units\Utils\uPNGUtils.pas"/>
        <DCCReference Include="..\Units\Utils\uXMLUtils.pas"/>
        <DCCReference Include="..\Units\Utils\uFormUtils.pas"/>
        <DCCReference Include="..\Units\Utils\uStringUtils.pas"/>
        <DCCReference Include="..\..\Installer\uShellUtils.pas"/>
        <DCCReference Include="..\Units\uTranslate.pas"/>
        <DCCReference Include="..\External\lcms2dll.pas"/>
        <DCCReference Include="..\Units\uICCProfile.pas"/>
        <DCCReference Include="..\Units\System\uProgramStatInfo.pas"/>
        <DCCReference Include="..\Units\CmpUnit.pas"/>
        <DCCReference Include="..\Units\uList64.pas"/>
        <DCCReference Include="..\Units\Utils\uGUIDUtils.pas"/>
        <DCCReference Include="..\Units\uDBUtils.pas"/>
        <DCCReference Include="..\Units\Database\uDBAdapter.pas"/>
        <DCCReference Include="..\Units\Database\uDBConnection.pas"/>
        <DCCReference Include="..\Units\Database\uDBEntities.pas"/>
        <DCCReference Include="..\Units\Database\uDBContext.pas"/>
        <DCCReference Include="..\Units\Database\uDBClasses.pas"/>
        <DCCReference Include="..\Units\Database\uDBScheme.pas"/>
        <DCCReference Include="..\Units\Database\uSettingsRepository.pas"/>
        <DCCReference Include="..\Units\Database\uGroupsRepository.pas"/>
        <DCCReference Include="..\Units\Database\uMediaRepository.pas"/>
        <DCCReference Include="..\Units\Database\uPeopleRepository.pas"/>
        <DCCReference Include="..\Units\Interfaces\uInterfaces.pas"/>
        <DCCReference Include="..\Units\uDBTypes.pas"/>
        <DCCReference Include="..\Units\UnitDBCommonGraphics.pas"/>
        <DCCReference Include="..\Units\uCDMappingTypes.pas"/>
        <DCCReference Include="..\Units\uBufferedFileStream.pas"/>
        <DCCReference Include="..\Units\Utils\u2DUtils.pas"/>
        <DCCReference Include="..\Units\uFaceDetection.pas"/>
        <DCCReference Include="..\Threads\uFaceDetectionThread.pas"/>
        <DCCReference Include="..\Threads\uThreadTask.pas"/>
        <DCCReference Include="..\Threads\uThreadEx.pas"/>
        <DCCReference Include="..\Units\uThreadForm.pas"/>
        <DCCReference Include="..\Threads\UnitWindowsCopyFilesThread.pas"/>
        <DCCReference Include="..\Units\Utils\uIconUtils.pas"/>
        <DCCReference Include="..\Units\Utils\uDateUtils.pas"/>
        <DCCReference Include="..\Units\Utils\uExifUtils.pas"/>
        <DCCReference Include="..\Units\uDBBaseTypes.pas"/>
        <DCCReference Include="..\Units\UnitDBCommon.pas"/>
        <DCCReference Include="..\Units\UnitLinksSupport.pas"/>
        <DCCReference Include="..\Units\GraphicCrypt.pas"/>
        <DCCReference Include="..\Units\uSessionPasswords.pas"/>
        <DCCReference Include="..\Units\uCollectionEvents.pas"/>
        <DCCReference Include="..\External\Formats\GIFImage.pas"/>
        <DCCReference Include="..\Units\UnitCrypting.pas"/>
        <DCCReference Include="..\External\Crypt\DECv5.2\DECCipher.pas"/>
        <DCCReference Include="..\External\Crypt\DECv5.2\DECData.pas"/>
        <DCCReference Include="..\External\Crypt\DECv5.2\DECFmt.pas"/>
        <DCCReference Include="..\External\Crypt\DECv5.2\DECHash.pas"/>
        <DCCReference Include="..\External\Crypt\DECv5.2\DECRandom.pas"/>
        <DCCReference Include="..\External\Crypt\DECv5.2\DECUtil.pas"/>
        <DCCReference Include="..\Units\uStrongCrypt.pas"/>
        <DCCReference Include="..\External\Formats\GraphicEx\GraphicEx.pas"/>
        <DCCReference Include="..\External\Formats\GraphicEx\GraphicColor.pas"/>
        <DCCReference Include="..\External\Formats\GraphicEx\GraphicCompression.pas"/>
        <DCCReference Include="..\External\Formats\GraphicEx\GraphicStrings.pas"/>
        <DCCReference Include="..\External\Formats\GraphicEx\MZLib.pas"/>
        <DCCReference Include="..\..\Installer\uAssociations.pas"/>
        <DCCReference Include="..\External\CCR.Exif\CCR.Exif.Consts.pas"/>
        <DCCReference Include="..\External\CCR.Exif\CCR.Exif.IPTC.pas"/>
        <DCCReference Include="..\External\CCR.Exif\CCR.Exif.pas"/>
        <DCCReference Include="..\External\CCR.Exif\CCR.Exif.StreamHelper.pas"/>
        <DCCReference Include="..\External\CCR.Exif\CCR.Exif.TagIDs.pas"/>
        <DCCReference Include="..\External\CCR.Exif\CCR.Exif.XMPUtils.pas"/>
        <DCCReference Include="..\External\CCR.Exif\CCR.Exif.BaseUtils.pas"/>
        <DCCReference Include="..\External\CCR.Exif\CCR.Exif.TiffUtils.pas"/>
        <DCCReference Include="..\External\Formats\FreeImage\FreeBitmap.pas"/>
        <DCCReference Include="..\External\Formats\FreeImage\FreeImage.pas"/>
        <DCCReference Include="..\Units\Formats\uFreeImageIO.pas"/>
        <DCCReference Include="..\Units\Formats\uFreeImageImage.pas"/>
        <DCCReference Include="..\Units\uDBGraphicTypes.pas"/>
        <DCCReference Include="..\Units\UnitINI.pas"/>
        <DCCReference Include="..\Units\uSettings.pas"/>
        <DCCReference Include="..\Units\uConfiguration.pas"/>
        <DCCReference Include="..\Units\uShellIntegration.pas"/>
        <DCCReference Include="..\Units\uVistaFuncs.pas"/>
        <DCCReference Include="..\Units\Utils\uAppUtils.pas"/>
        <DCCReference Include="..\Units\uVCLHelpers.pas"/>
        <DCCReference Include="..\Units\uFastLoad.pas"/>
        <DCCReference Include="..\Threads\uDBCustomThread.pas"/>
        <DCCReference Include="..\Units\Utils\uThemesUtils.pas"/>
        <DCCReference Include="..\Threads\uDBThread.pas"/>
        <DCCReference Include="..\Units\System\uGOM.pas"/>
        <DCCReference Include="..\Units\System\uIME.pas"/>
        <DCCReference Include="..\Units\Utils\uShellNamespaceUtils.pas"/>
        <DCCReference Include="..\Units\PortableDevices\uPortableDeviceManager.pas"/>
        <DCCReference Include="..\Units\PortableDevices\uPortableClasses.pas"/>
        <DCCReference Include="..\Units\PortableDevices\uWIAClasses.pas"/>
        <DCCReference Include="..\Units\PortableDevices\uWIAInterfaces.pas"/>
        <DCCReference Include="..\Units\PortableDevices\uWPDClasses.pas"/>
        <DCCReference Include="..\Units\PortableDevices\uWPDInterfaces.pas"/>
        <DCCReference Include="..\Units\PortableDevices\uPortableDeviceUtils.pas"/>
        <DCCReference Include="..\Units\ShellContextMenu.pas"/>
        <DCCReference Include="..\Units\uDBForm.pas"/>
        <DCCReference Include="..\Units\Interfaces\uFormInterfaces.pas"/>
        <DCCReference Include="..\Units\UnitDBDeclare.pas"/>
        <DCCReference Include="..\Units\uLockedFileNotifications.pas"/>
        <DCCReference Include="..\Units\uErrors.pas"/>
        <DCCReference Include="..\Units\uTransparentEncryption.pas"/>
        <DCCReference Include="..\Units\uResources.pas"/>
        <DCCReference Include="..\Units\Utils\uColorUtils.pas"/>
        <BuildConfiguration Include="Release">
            <Key>Cfg_2</Key>
            <CfgParent>Base</CfgParent>
        </BuildConfiguration>
        <BuildConfiguration Include="Base">
            <Key>Base</Key>
        </BuildConfiguration>
        <BuildConfiguration Include="Debug">
            <Key>Cfg_1</Key>
            <CfgParent>Base</CfgParent>
        </BuildConfiguration>
    </ItemGroup>
    <ProjectExtensions>
        <Borland.Personality>Delphi.Personality.12</Borland.Personality>
        <Borland.ProjectType/>
        <BorlandProject>
            <Delphi.Personality>
                <VersionInfo>
                    <VersionInfo Name="IncludeVerInfo">False</VersionInfo>
                    <VersionInfo Name="AutoIncBuild">False</VersionInfo>
                    <VersionInfo Name="MajorVer">1</VersionInfo>
                    <VersionInfo Name="MinorVer">0</VersionInfo>
                    <VersionInfo Name="Release">0</VersionInfo>
                    <VersionInfo Name="Build">0</VersionInfo>
                    <VersionInfo Name="Debug">False</VersionInfo>
                    <VersionInfo Name="PreRelease">False</VersionInfo>
                    <VersionInfo Name="Special">False</VersionInfo>
                    <VersionInfo Name="Private">False</VersionInfo>
                    <VersionInfo Name="DLL">False</VersionInfo>
                    <VersionInfo Name="Locale">1049</VersionInfo>
                    <VersionInfo Name="CodePage">1251</VersionInfo>
                </VersionInfo>
                <VersionInfoKeys>
                    <VersionInfoKeys Name="CompanyName"/>
                    <VersionInfoKeys Name="FileDescription"/>
                    <VersionInfoKeys Name="FileVersion">1.0.0.0</VersionInfoKeys>
                    <VersionInfoKeys Name="InternalName"/>
                    <VersionInfoKeys Name="LegalCopyright"/>
                    <VersionInfoKeys Name="LegalTrademarks"/>
                    <VersionInfoKeys Name="OriginalFilename"/>
                    <VersionInfoKeys Name="ProductName"/>
                    <VersionInfoKeys Name="ProductVersion">1.0.0.0</VersionInfoKeys>
                    <VersionInfoKeys Name="Comments"/>
                    <VersionInfoKeys Name="CFBundleName"/>
                    <VersionInfoKeys Name="CFBundleDisplayName"/>
                    <VersionInfoKeys Name="CFBundleIdentifier"/>
                    <VersionInfoKeys Name="CFBundleVersion"/>
                    <VersionInfoKeys Name="CFBundlePackageType"/>
                    <VersionInfoKeys Name="CFBundleSignature"/>
                    <VersionInfoKeys Name="CFBundleAllowMixedLocalizations"/>
                    <VersionInfoKeys Name="CFBundleExecutable"/>
                </VersionInfoKeys>
                <Source>
                    <Source Name="MainSource">PhotoDBTests.dpr</Source>
                </Source>
                <Excluded_Packages>
                    <Excluded_Packages Name="$(BDSBIN)\dcloffice2k170.bpl">Microsoft Office 2000 Sample Automation Server Wrapper Components</Excluded_Packages>
                    <Excluded_Packages Name="$(BDSBIN)\dclofficexp170.bpl">Microsoft Office XP Sample Automation Server Wrapper Components</Excluded_Packages>
                </Excluded_Packages>
            </Delphi.Personality>
            <Deployment/>
            <Platforms>
                <Platform value="OSX32">False</Platform>
                <Platform value="Win32">True</Platform>
                <Platform value="Win64">False</Platform>
            </Platforms>
            <UnitTesting>
                <TestFramework>DUnit / Delphi Win32</TestFramework>
                <TestRunner>GUI</TestRunner>
                <SourceProjectName>D:\Dmitry\Delphi exe\Photo Database\trunk\PhotoDB\PhotoDB.dproj</SourceProjectName>
                <TestProjectName/>
            </UnitTesting>
        </BorlandProject>
        <ProjectFileVersion>12</ProjectFileVersion>
    </ProjectExtensions>
    <Import Project="$(BDS)\Bin\CodeGear.Delphi.Targets" Condition="Exists('$(BDS)\Bin\CodeGear.Delphi.Targets')"/>
    <Import Project="$(APPDATA)\Embarcadero\$(BDSAPPDATABASEDIR)\$(PRODUCTVERSION)\UserTools.proj" Condition="Exists('$(APPDATA)\Embarcadero\$(BDSAPPDATABASEDIR)\$(PRODUCTVERSION)\UserTools.proj')"/>
</Project>
