<Project xmlns="http://schemas.microsoft.com/developer/msbuild/2003">
    <PropertyGroup>
        <ProjectGuid>{B450E5B6-4FF7-4E99-A327-B6E3C779AABB}</ProjectGuid>
        <MainSource>PhotoDB.dpr</MainSource>
        <Config Condition="'$(Config)'==''">Debug</Config>
        <DCC_DCCCompiler>DCC32</DCC_DCCCompiler>
        <ProjectVersion>14.4</ProjectVersion>
        <Base>True</Base>
        <AppType>Application</AppType>
        <FrameworkType>VCL</FrameworkType>
        <Platform Condition="'$(Platform)'==''">Win32</Platform>
        <TargetedPlatforms>3</TargetedPlatforms>
    </PropertyGroup>
    <PropertyGroup Condition="'$(Config)'=='Base' or '$(Base)'!=''">
        <Base>true</Base>
    </PropertyGroup>
    <PropertyGroup Condition="('$(Platform)'=='Win32' and '$(Base)'=='true') or '$(Base_Win32)'!=''">
        <Base_Win32>true</Base_Win32>
        <CfgParent>Base</CfgParent>
        <Base>true</Base>
    </PropertyGroup>
    <PropertyGroup Condition="('$(Platform)'=='Win64' and '$(Base)'=='true') or '$(Base_Win64)'!=''">
        <Base_Win64>true</Base_Win64>
        <CfgParent>Base</CfgParent>
        <Base>true</Base>
    </PropertyGroup>
    <PropertyGroup Condition="'$(Config)'=='Release' or '$(Cfg_1)'!=''">
        <Cfg_1>true</Cfg_1>
        <CfgParent>Base</CfgParent>
        <Base>true</Base>
    </PropertyGroup>
    <PropertyGroup Condition="('$(Platform)'=='Win32' and '$(Cfg_1)'=='true') or '$(Cfg_1_Win32)'!=''">
        <Cfg_1_Win32>true</Cfg_1_Win32>
        <CfgParent>Cfg_1</CfgParent>
        <Cfg_1>true</Cfg_1>
        <Base>true</Base>
    </PropertyGroup>
    <PropertyGroup Condition="('$(Platform)'=='Win64' and '$(Cfg_1)'=='true') or '$(Cfg_1_Win64)'!=''">
        <Cfg_1_Win64>true</Cfg_1_Win64>
        <CfgParent>Cfg_1</CfgParent>
        <Cfg_1>true</Cfg_1>
        <Base>true</Base>
    </PropertyGroup>
    <PropertyGroup Condition="'$(Config)'=='Debug' or '$(Cfg_2)'!=''">
        <Cfg_2>true</Cfg_2>
        <CfgParent>Base</CfgParent>
        <Base>true</Base>
    </PropertyGroup>
    <PropertyGroup Condition="('$(Platform)'=='Win32' and '$(Cfg_2)'=='true') or '$(Cfg_2_Win32)'!=''">
        <Cfg_2_Win32>true</Cfg_2_Win32>
        <CfgParent>Cfg_2</CfgParent>
        <Cfg_2>true</Cfg_2>
        <Base>true</Base>
    </PropertyGroup>
    <PropertyGroup Condition="('$(Platform)'=='Win64' and '$(Cfg_2)'=='true') or '$(Cfg_2_Win64)'!=''">
        <Cfg_2_Win64>true</Cfg_2_Win64>
        <CfgParent>Cfg_2</CfgParent>
        <Cfg_2>true</Cfg_2>
        <Base>true</Base>
    </PropertyGroup>
    <PropertyGroup Condition="'$(Base)'!=''">
        <DCC_RangeChecking>true</DCC_RangeChecking>
        <Manifest_File>None</Manifest_File>
        <Icon_MainIcon>MAINICON.ico</Icon_MainIcon>
        <VerInfo_Build>384</VerInfo_Build>
        <VerInfo_Keys>CompanyName=Studio &quot;Illusion Dolphin&quot; © 2002-2011;FileDescription=Photo DataBase;FileVersion=2.3.2.384;InternalName=PhotoDB;LegalCopyright=Studio &quot;Illusion Dolphin&quot; © 2002-2011;LegalTrademarks=Photo DataBase;OriginalFilename=PhotoDB.exe;ProductName=Photo DataBase v2.3;ProductVersion=2.3;Comments=Helps you to find, protect and organize your photos;Home Page=http://photodb.illusdolphin.net;E-Mail=illusdolphin@gmail.com;Home Page=http://photodb.illusdolphin.net</VerInfo_Keys>
        <VerInfo_Locale>1033</VerInfo_Locale>
        <VerInfo_IncludeVerInfo>true</VerInfo_IncludeVerInfo>
        <DCC_Namespace>Vcl;Vcl.Imaging;Vcl.Touch;Vcl.Samples;Vcl.Shell;System;Xml;Data;Datasnap;Web;Soap;Winapi;Posix;System.Win;Data.Win;$(DCC_Namespace)</DCC_Namespace>
        <VerInfo_MajorVer>2</VerInfo_MajorVer>
        <VerInfo_MinorVer>3</VerInfo_MinorVer>
        <VerInfo_Release>2</VerInfo_Release>
        <ImageDebugInfo>true</ImageDebugInfo>
        <DCC_DebugInfoInExe>true</DCC_DebugInfoInExe>
        <DCC_IntegerOverflowCheck>true</DCC_IntegerOverflowCheck>
        <DCC_MapFile>3</DCC_MapFile>
        <DCC_UNIT_PLATFORM>false</DCC_UNIT_PLATFORM>
        <DCC_SYMBOL_PLATFORM>false</DCC_SYMBOL_PLATFORM>
        <DCC_UnitSearchPath>$(DELPHI)\Lib\Debug;External\Controls\Image Controls\Source;External\Controls\DragDrop\Source;Resources;..\..\..\..\Dmitry\;External\Mustangpeak\Common Library\Source;External\Mustangpeak\EasyListview\Source;External\FastMM;..\DBIcons;$(BDS)\Source\DUnit\src;$(DCC_UnitSearchPath)</DCC_UnitSearchPath>
        <DCC_ExeOutput>bin</DCC_ExeOutput>
        <DCC_ImageBase>00400000</DCC_ImageBase>
        <DCC_DependencyCheckOutputName>bin\PhotoDB.exe</DCC_DependencyCheckOutputName>
        <DCC_Platform>x86</DCC_Platform>
        <DCC_Define>PHOTODB,LOG,DBDEBUG,FullDebugMode;$(DCC_Define)</DCC_Define>
        <DCC_K>false</DCC_K>
        <DCC_F>false</DCC_F>
        <DCC_S>false</DCC_S>
        <DCC_N>true</DCC_N>
        <DCC_UsePackage>vcl;rtl;vclx;indy;inet;xmlrtl;vclie;inetdbbde;inetdbxpress;dbrtl;dsnap;dsnapcon;vcldb;soaprtl;VclSmp;dbexpress;dbxcds;inetdb;bdertl;vcldbx;webdsnap;websnap;adortl;ibxpress;teeui;teedb;tee;dss;visualclx;visualdbclx;vclactnband;vclshlctrls;IntrawebDB_50_70;Intraweb_50_70;Rave50CLX;Rave50VCL;dclOfficeXP;EasyListviewD7;$(DCC_UsePackage)</DCC_UsePackage>
        <DCC_E>false</DCC_E>
        <DCC_DcuOutput>dcu</DCC_DcuOutput>
    </PropertyGroup>
    <PropertyGroup Condition="'$(Base_Win32)'!=''">
        <Debugger_RunParams>/IMG_WIA /StiDevice:{EEC5AD98-8080-425f-922A-DABF3DE3F69A}\0003 /StiEvent:{A28BBADE-64B6-11d2-A231-00C04FA31809}</Debugger_RunParams>
        <DCC_Namespace>Datasnap.Win;Web.Win;Soap.Win;Xml.Win;Bde;$(DCC_Namespace)</DCC_Namespace>
        <VerInfo_Keys>CompanyName=;FileDescription=;FileVersion=1.0.0.0;InternalName=;LegalCopyright=;LegalTrademarks=;OriginalFilename=;ProductName=;ProductVersion=1.0.0.0;Comments=</VerInfo_Keys>
    </PropertyGroup>
    <PropertyGroup Condition="'$(Base_Win64)'!=''">
        <DCC_Namespace>Datasnap.Win;Web.Win;Soap.Win;Xml.Win;$(DCC_Namespace)</DCC_Namespace>
        <VerInfo_Keys>CompanyName=;FileDescription=;FileVersion=1.0.0.0;InternalName=;LegalCopyright=;LegalTrademarks=;OriginalFilename=;ProductName=;ProductVersion=1.0.0.0;Comments=</VerInfo_Keys>
    </PropertyGroup>
    <PropertyGroup Condition="'$(Cfg_1)'!=''">
        <DCC_LocalDebugSymbols>false</DCC_LocalDebugSymbols>
        <DCC_Define>RELEASE;$(DCC_Define)</DCC_Define>
        <DCC_SymbolReferenceInfo>0</DCC_SymbolReferenceInfo>
        <DCC_DebugInformation>false</DCC_DebugInformation>
    </PropertyGroup>
    <PropertyGroup Condition="'$(Cfg_1_Win32)'!=''">
        <VerInfo_Keys>CompanyName=;FileDescription=;FileVersion=1.0.0.0;InternalName=;LegalCopyright=;LegalTrademarks=;OriginalFilename=;ProductName=;ProductVersion=1.0.0.0;Comments=</VerInfo_Keys>
    </PropertyGroup>
    <PropertyGroup Condition="'$(Cfg_1_Win64)'!=''">
        <VerInfo_Keys>CompanyName=;FileDescription=;FileVersion=1.0.0.0;InternalName=;LegalCopyright=;LegalTrademarks=;OriginalFilename=;ProductName=;ProductVersion=1.0.0.0;Comments=</VerInfo_Keys>
    </PropertyGroup>
    <PropertyGroup Condition="'$(Cfg_2)'!=''">
        <DCC_DebugDCUs>true</DCC_DebugDCUs>
        <DCC_Define>DEBUG;$(DCC_Define)</DCC_Define>
    </PropertyGroup>
    <PropertyGroup Condition="'$(Cfg_2_Win32)'!=''">
        <Debugger_RunParams>/x</Debugger_RunParams>
        <DCC_Optimize>false</DCC_Optimize>
        <VerInfo_MinorVer>5</VerInfo_MinorVer>
        <VerInfo_MajorVer>4</VerInfo_MajorVer>
        <DCC_Define>PHOTODB,LOG,DBDEBUG,FullDebugMode,MOBILE_TEST;CheckHeapForCorruption;PHOTODB,LOG,DBDEBUG,FullDebugMode,MOBILE_TEST;$(DCC_Define)</DCC_Define>
        <VerInfo_Release>0</VerInfo_Release>
        <VerInfo_Build>681</VerInfo_Build>
        <VerInfo_Keys>CompanyName=Studio &quot;Illusion Dolphin&quot; © 2002-2013;FileDescription=Photo DataBase;FileVersion=4.5.0.681;InternalName=PhotoDB;LegalCopyright=Studio &quot;Illusion Dolphin&quot; © 2002-2013;LegalTrademarks=Photo DataBase;OriginalFilename=PhotoDB.exe;ProductName=Photo DataBase v4.5;ProductVersion=4.5;Comments=Helps you to find, protect and organize your photos;Home Page=http://photodb.illusdolphin.net;E-Mail=illusdolphin@gmail.com</VerInfo_Keys>
    </PropertyGroup>
    <PropertyGroup Condition="'$(Cfg_2_Win64)'!=''">
        <DCC_Define>PHOTODB,LOG,DBDEBUG,FullDebugMode,MOBILE_TEST;CheckHeapForCorruption;$(DCC_Define)</DCC_Define>
        <VerInfo_Build>0</VerInfo_Build>
        <VerInfo_Release>0</VerInfo_Release>
        <VerInfo_MinorVer>0</VerInfo_MinorVer>
        <VerInfo_MajorVer>1</VerInfo_MajorVer>
        <VerInfo_Keys>CompanyName=;FileDescription=;FileVersion=1.0.0.0;InternalName=;LegalCopyright=;LegalTrademarks=;OriginalFilename=;ProductName=;ProductVersion=1.0.0.0;Comments=</VerInfo_Keys>
    </PropertyGroup>
    <ItemGroup>
        <DelphiCompile Include="$(MainSource)">
            <MainSource>MainSource</MainSource>
        </DelphiCompile>
        <DCCReference Include="External\scalemm\ScaleMM2.pas"/>
        <DCCReference Include="External\FastMM\FastMM4.pas"/>
        <DCCReference Include="Units\ExceptionJCLSupport.pas"/>
        <DCCReference Include="Units\uInit.pas"/>
        <DCCReference Include="External\scalemm\ScaleMM2.pas"/>
        <DCCReference Include="External\FastMM\FastMM4.pas"/>
        <DCCReference Include="Units\ExceptionJCLSupport.pas"/>
        <DCCReference Include="Units\uInit.pas"/>
        <RidlCompile Include="Units\WebJS\WebJS.ridl"/>
        <BuildConfiguration Include="Debug">
            <Key>Cfg_2</Key>
            <CfgParent>Base</CfgParent>
        </BuildConfiguration>
        <BuildConfiguration Include="Base">
            <Key>Base</Key>
        </BuildConfiguration>
        <BuildConfiguration Include="Release">
            <Key>Cfg_1</Key>
            <CfgParent>Base</CfgParent>
        </BuildConfiguration>
    </ItemGroup>
    <Import Project="$(BDS)\Bin\CodeGear.Delphi.Targets" Condition="Exists('$(BDS)\Bin\CodeGear.Delphi.Targets')"/>
    <ProjectExtensions>
        <Borland.Personality>Delphi.Personality.12</Borland.Personality>
        <Borland.ProjectType>VCLApplication</Borland.ProjectType>
        <BorlandProject>
            <Delphi.Personality>
                <Source>
                    <Source Name="MainSource">PhotoDB.dpr</Source>
                </Source>
                <Parameters>
                    <Parameters Name="RunParams">/IMG_WIA /StiDevice:{EEC5AD98-8080-425f-922A-DABF3DE3F69A}\0003 /StiEvent:{A28BBADE-64B6-11d2-A231-00C04FA31809}</Parameters>
                </Parameters>
                <VersionInfo>
                    <VersionInfo Name="IncludeVerInfo">True</VersionInfo>
                    <VersionInfo Name="AutoIncBuild">False</VersionInfo>
                    <VersionInfo Name="MajorVer">2</VersionInfo>
                    <VersionInfo Name="MinorVer">3</VersionInfo>
                    <VersionInfo Name="Release">2</VersionInfo>
                    <VersionInfo Name="Build">382</VersionInfo>
                    <VersionInfo Name="Debug">False</VersionInfo>
                    <VersionInfo Name="PreRelease">False</VersionInfo>
                    <VersionInfo Name="Special">False</VersionInfo>
                    <VersionInfo Name="Private">False</VersionInfo>
                    <VersionInfo Name="DLL">False</VersionInfo>
                    <VersionInfo Name="Locale">1033</VersionInfo>
                    <VersionInfo Name="CodePage">1252</VersionInfo>
                </VersionInfo>
                <VersionInfoKeys>
                    <VersionInfoKeys Name="CompanyName">Studio &quot;Illusion Dolphin&quot; © 2002-2011</VersionInfoKeys>
                    <VersionInfoKeys Name="FileDescription">Photo DataBase</VersionInfoKeys>
                    <VersionInfoKeys Name="FileVersion">2.3.2.382</VersionInfoKeys>
                    <VersionInfoKeys Name="InternalName">PhotoDB</VersionInfoKeys>
                    <VersionInfoKeys Name="LegalCopyright">Studio &quot;Illusion Dolphin&quot; © 2002-2011</VersionInfoKeys>
                    <VersionInfoKeys Name="LegalTrademarks">Photo DataBase</VersionInfoKeys>
                    <VersionInfoKeys Name="OriginalFilename">PhotoDB.exe</VersionInfoKeys>
                    <VersionInfoKeys Name="ProductName">Photo DataBase v2.3</VersionInfoKeys>
                    <VersionInfoKeys Name="ProductVersion">2.3</VersionInfoKeys>
                    <VersionInfoKeys Name="Comments">Helps you to find, protect and organize your photos</VersionInfoKeys>
                    <VersionInfoKeys Name="Home Page">http://photodb.illusdolphin.net</VersionInfoKeys>
                    <VersionInfoKeys Name="E-Mail">illusdolphin@gmail.com</VersionInfoKeys>
                    <VersionInfoKeys Name="Home Page">http://photodb.illusdolphin.net</VersionInfoKeys>
                </VersionInfoKeys>
                <Excluded_Packages>
                    <Excluded_Packages Name="$(BDSBIN)\dcloffice2k170.bpl">Microsoft Office 2000 Sample Automation Server Wrapper Components</Excluded_Packages>
                    <Excluded_Packages Name="$(BDSBIN)\dclofficexp170.bpl">Microsoft Office XP Sample Automation Server Wrapper Components</Excluded_Packages>
                </Excluded_Packages>
            </Delphi.Personality>
            <ModelSupport>False</ModelSupport>
            <Platforms>
                <Platform value="Win32">True</Platform>
                <Platform value="Win64">True</Platform>
            </Platforms>
            <Deployment>
                <DeployFile LocalName="bin\PhotoDB.rsm" Configuration="Debug" Class="DebugSymbols">
                    <Platform Name="Win32">
                        <RemoteName>PhotoDB.rsm</RemoteName>
                    </Platform>
                </DeployFile>
                <DeployFile LocalName="bin\PhotoDB.exe" Configuration="Debug" Class="ProjectOutput">
                    <Platform Name="Win32"/>
                </DeployFile>
                <DeployClass Required="true" Name="ProjectOutput">
                    <Platform Name="OSX32">
                        <Operation>1</Operation>
                    </Platform>
                    <Platform Name="Win32">
                        <Operation>0</Operation>
                    </Platform>
                </DeployClass>
                <DeployClass Required="true" Name="DependencyPackage">
                    <Platform Name="OSX32">
                        <Operation>1</Operation>
                        <Extensions>.dylib</Extensions>
                    </Platform>
                    <Platform Name="Win32">
                        <Operation>0</Operation>
                        <Extensions>.bpl</Extensions>
                    </Platform>
                </DeployClass>
                <DeployClass Name="DependencyModule">
                    <Platform Name="OSX32">
                        <Operation>1</Operation>
                        <Extensions>.dylib</Extensions>
                    </Platform>
                    <Platform Name="Win32">
                        <Operation>0</Operation>
                        <Extensions>.dll;.bpl</Extensions>
                    </Platform>
                </DeployClass>
                <DeployClass Name="ProjectOSXInfoPList"/>
                <DeployClass Name="File">
                    <Platform Name="OSX32">
                        <Operation>0</Operation>
                    </Platform>
                    <Platform Name="Win32">
                        <Operation>0</Operation>
                    </Platform>
                </DeployClass>
                <DeployClass Name="DebugSymbols">
                    <Platform Name="OSX32">
                        <Operation>1</Operation>
                    </Platform>
                    <Platform Name="Win32">
                        <Operation>0</Operation>
                    </Platform>
                </DeployClass>
                <DeployClass Name="DependencyFramework">
                    <Platform Name="OSX32">
                        <Operation>1</Operation>
                        <Extensions>.framework</Extensions>
                    </Platform>
                    <Platform Name="Win32">
                        <Operation>0</Operation>
                    </Platform>
                </DeployClass>
                <DeployClass Name="AdditionalDebugSymbols">
                    <Platform Name="OSX32">
                        <Operation>1</Operation>
                    </Platform>
                    <Platform Name="Win32">
                        <Operation>0</Operation>
                    </Platform>
                </DeployClass>
                <DeployClass Name="ProjectOSXResource">
                    <Platform Name="OSX32">
                        <RemoteDir>Contents\Resources</RemoteDir>
                        <Operation>1</Operation>
                    </Platform>
                </DeployClass>
                <ProjectRoot Platform="OSX32" Name="$(PROJECTNAME)"/>
                <ProjectRoot Platform="Win64" Name="$(PROJECTNAME)"/>
                <ProjectRoot Platform="Win32" Name="$(PROJECTNAME)"/>
            </Deployment>
            <ActiveXProjectInfo>
                <version>1</version>
            </ActiveXProjectInfo>
            <UnitTesting>
                <TestProjectName>D:\Dmitry\Delphi exe\Photo Database\trunk\PhotoDB\Test\PhotoDBTests.dproj</TestProjectName>
            </UnitTesting>
        </BorlandProject>
        <ProjectFileVersion>12</ProjectFileVersion>
    </ProjectExtensions>
    <Import Project="$(APPDATA)\Embarcadero\$(BDSAPPDATABASEDIR)\$(PRODUCTVERSION)\UserTools.proj" Condition="Exists('$(APPDATA)\Embarcadero\$(BDSAPPDATABASEDIR)\$(PRODUCTVERSION)\UserTools.proj')"/>
    <Import Project="$(MSBuildProjectName).deployproj" Condition="Exists('$(MSBuildProjectName).deployproj')"/>
</Project>
