	<Project xmlns="http://schemas.microsoft.com/developer/msbuild/2003">
		<PropertyGroup>
			<ProjectGuid>{4C03476C-1E9C-42ED-95A6-2DF61B89636A}</ProjectGuid>
			<ProjectVersion>12.0</ProjectVersion>
			<MainSource>PhotoDBInstall.dpr</MainSource>
			<Config Condition="'$(Config)'==''">Debug</Config>
			<DCC_DCCCompiler>DCC32</DCC_DCCCompiler>
		</PropertyGroup>
		<PropertyGroup Condition="'$(Config)'=='Base' or '$(Base)'!=''">
			<Base>true</Base>
		</PropertyGroup>
		<PropertyGroup Condition="'$(Config)'=='Release' or '$(Cfg_1)'!=''">
			<Cfg_1>true</Cfg_1>
			<CfgParent>Base</CfgParent>
			<Base>true</Base>
		</PropertyGroup>
		<PropertyGroup Condition="'$(Config)'=='Debug' or '$(Cfg_2)'!=''">
			<Cfg_2>true</Cfg_2>
			<CfgParent>Base</CfgParent>
			<Base>true</Base>
		</PropertyGroup>
		<PropertyGroup Condition="'$(Base)'!=''">
			<DCC_ExeOutput>..\</DCC_ExeOutput>
			<DCC_DcuOutput>..\PhotoDB\dcu\</DCC_DcuOutput>
			<DCC_UnitSearchPath>D:\Dmitry\Dmitry;$(DCC_UnitSearchPath)</DCC_UnitSearchPath>
			<DCC_Define>DBDEBUG;$(DCC_Define)</DCC_Define>
			<DCC_UnitAlias>WinTypes=Windows;WinProcs=Windows;DbiTypes=BDE;DbiProcs=BDE;DbiErrs=BDE;$(DCC_UnitAlias)</DCC_UnitAlias>
			<DCC_DependencyCheckOutputName>..\PhotoDBInstall.exe</DCC_DependencyCheckOutputName>
			<DCC_ImageBase>00400000</DCC_ImageBase>
			<DCC_Platform>x86</DCC_Platform>
		</PropertyGroup>
		<PropertyGroup Condition="'$(Cfg_1)'!=''">
			<DCC_LocalDebugSymbols>false</DCC_LocalDebugSymbols>
			<DCC_Define>RELEASE;$(DCC_Define)</DCC_Define>
			<DCC_SymbolReferenceInfo>0</DCC_SymbolReferenceInfo>
			<DCC_DebugInformation>false</DCC_DebugInformation>
		</PropertyGroup>
		<PropertyGroup Condition="'$(Cfg_2)'!=''">
			<DCC_Define>DEBUG;$(DCC_Define)</DCC_Define>
		</PropertyGroup>
		<ItemGroup>
			<DelphiCompile Include="PhotoDBInstall.dpr">
				<MainSource>MainSource</MainSource>
			</DelphiCompile>
			<DCCReference Include="..\PhotoDB\External\FastMM\FastMM4.pas"/>
			<DCCReference Include="..\PhotoDB\External\FastMM\FastMM4Messages.pas"/>
			<DCCReference Include="uFrmMain.pas">
				<Form>FrmMain</Form>
			</DCCReference>
			<DCCReference Include="uInstallUtils.pas"/>
			<DCCReference Include="uFrmLanguage.pas">
				<Form>FormLanguage</Form>
			</DCCReference>
			<DCCReference Include="uInstallTypes.pas"/>
			<DCCReference Include="..\PhotoDB\Units\uMemory.pas"/>
			<DCCReference Include="..\PhotoDB\Units\uDBForm.pas"/>
			<DCCReference Include="..\PhotoDB\Units\uTranslate.pas"/>
			<DCCReference Include="..\PhotoDB\External\Xml\MSXML2_TLB.pas"/>
			<DCCReference Include="..\PhotoDB\External\Xml\OmniXML_MSXML.pas"/>
			<DCCReference Include="..\PhotoDB\Units\uFileUtils.pas"/>
			<DCCReference Include="..\PhotoDB\Units\VRSIShortCuts.pas"/>
			<DCCReference Include="..\PhotoDB\Units\uConstants.pas"/>
			<DCCReference Include="uFrmProgress.pas">
				<Form>FrmProgress</Form>
			</DCCReference>
			<DCCReference Include="uInstallFrame.pas">
				<Form>InstallFrame</Form>
				<DesignClass>TFrame</DesignClass>
			</DCCReference>
			<DCCReference Include="uFrLicense.pas">
				<Form>FrmLicence</Form>
				<DesignClass>TFrame</DesignClass>
			</DCCReference>
			<DCCReference Include="uFrAdvancedOptions.pas">
				<Form>FrmAdvancedOptions</Form>
				<DesignClass>TFrame</DesignClass>
			</DCCReference>
			<DCCReference Include="..\PhotoDB\Units\uFormUtils.pas"/>
			<DCCReference Include="uInstallThread.pas"/>
			<DCCReference Include="..\PhotoDB\Units\uGOM.pas"/>
			<DCCReference Include="uInstallActions.pas"/>
			<DCCReference Include="..\PhotoDB\Units\uVistaFuncs.pas"/>
			<DCCReference Include="..\PhotoDB\Units\UnitDBFileDialogs.pas"/>
			<DCCReference Include="..\PhotoDB\Units\VistaDialogInterfaces.pas"/>
			<DCCReference Include="..\PhotoDB\Units\VistaFileDialogs.pas"/>
			<DCCReference Include="uInstallScope.pas"/>
			<DCCReference Include="uUninstallTypes.pas"/>
			<DCCReference Include="uUninstall.pas"/>
			<DCCReference Include="..\PhotoDB\Units\uLogger.pas"/>
			<DCCReference Include="..\PhotoDB\Units\UnitINI.pas"/>
			<DCCReference Include="uShellUtils.pas"/>
			<DCCReference Include="uInstallZip.pas"/>
			<DCCReference Include="..\PhotoDB\Units\uDBBaseTypes.pas"/>
			<DCCReference Include="uAssociations.pas"/>
			<DCCReference Include="uInstallSteps.pas"/>
			<BuildConfiguration Include="Base">
				<Key>Base</Key>
			</BuildConfiguration>
			<BuildConfiguration Include="Debug">
				<Key>Cfg_2</Key>
				<CfgParent>Base</CfgParent>
			</BuildConfiguration>
			<BuildConfiguration Include="Release">
				<Key>Cfg_1</Key>
				<CfgParent>Base</CfgParent>
			</BuildConfiguration>
		</ItemGroup>
		<Import Project="$(BDS)\Bin\CodeGear.Delphi.Targets" Condition="Exists('$(BDS)\Bin\CodeGear.Delphi.Targets')"/>
		<ProjectExtensions>
			<Borland.Personality>Delphi.Personality.12</Borland.Personality>
			<Borland.ProjectType/>
			<BorlandProject>
				<Delphi.Personality>
					<Source>
						<Source Name="MainSource">PhotoDBInstall.dpr</Source>
					</Source>
					<Parameters>
						<Parameters Name="UseLauncher">False</Parameters>
						<Parameters Name="LoadAllSymbols">True</Parameters>
						<Parameters Name="LoadUnspecifiedSymbols">False</Parameters>
					</Parameters>
					<VersionInfo>
						<VersionInfo Name="IncludeVerInfo">False</VersionInfo>
						<VersionInfo Name="AutoIncBuild">False</VersionInfo>
						<VersionInfo Name="MajorVer">1</VersionInfo>
						<VersionInfo Name="MinorVer">0</VersionInfo>
						<VersionInfo Name="Release">0</VersionInfo>
						<VersionInfo Name="Build">0</VersionInfo>
						<VersionInfo Name="Debug">False</VersionInfo>
						<VersionInfo Name="PreRelease">False</VersionInfo>
						<VersionInfo Name="Special">False</VersionInfo>
						<VersionInfo Name="Private">False</VersionInfo>
						<VersionInfo Name="DLL">False</VersionInfo>
						<VersionInfo Name="Locale">1049</VersionInfo>
						<VersionInfo Name="CodePage">1251</VersionInfo>
					</VersionInfo>
					<VersionInfoKeys>
						<VersionInfoKeys Name="CompanyName"/>
						<VersionInfoKeys Name="FileDescription"/>
						<VersionInfoKeys Name="FileVersion">1.0.0.0</VersionInfoKeys>
						<VersionInfoKeys Name="InternalName"/>
						<VersionInfoKeys Name="LegalCopyright"/>
						<VersionInfoKeys Name="LegalTrademarks"/>
						<VersionInfoKeys Name="OriginalFilename"/>
						<VersionInfoKeys Name="ProductName"/>
						<VersionInfoKeys Name="ProductVersion">1.0.0.0</VersionInfoKeys>
						<VersionInfoKeys Name="Comments"/>
					</VersionInfoKeys>
				</Delphi.Personality>
			</BorlandProject>
			<ProjectFileVersion>12</ProjectFileVersion>
		</ProjectExtensions>
	</Project>
